
Microsoft Visual Studio Solution File, Format Version 12.00
# Visual Studio Version 17
VisualStudioVersion = 17.11.35303.130
MinimumVisualStudioVersion = 10.0.40219.1
Project("{FAE04EC0-301F-11D3-BF4B-00C04F79EFBC}") = "TodoApp", "TodoApp.csproj", "{D7A29836-D4CB-4A5F-9B6E-3B26CEED94C8}"
EndProject
Global
	GlobalSection(SolutionConfigurationPlatforms) = preSolution
		Debug|Any CPU = Debug|Any CPU
		Release|Any CPU = Release|Any CPU
	EndGlobalSection
	GlobalSection(ProjectConfigurationPlatforms) = postSolution
		{D7A29836-D4CB-4A5F-9B6E-3B26CEED94C8}.Debug|Any CPU.ActiveCfg = Debug|Any CPU
		{D7A29836-D4CB-4A5F-9B6E-3B26CEED94C8}.Debug|Any CPU.Build.0 = Debug|Any CPU
		{D7A29836-D4CB-4A5F-9B6E-3B26CEED94C8}.Release|Any CPU.ActiveCfg = Release|Any CPU
		{D7A29836-D4CB-4A5F-9B6E-3B26CEED94C8}.Release|Any CPU.Build.0 = Release|Any CPU
	EndGlobalSection
	GlobalSection(SolutionProperties) = preSolution
		HideSolutionNode = FALSE
	EndGlobalSection
	GlobalSection(ExtensibilityGlobals) = postSolution
		SolutionGuid = {D73B4AF9-E52C-4DAA-8995-31EC10EB6876}
	EndGlobalSection
EndGlobal
